// !$*UTF8*$!
{
	archiveVersion = 1;
	classes = {
	};
	objectVersion = 56;
	objects = {

/* Begin PBXBuildFile section */
		000000000000000000000201 /* ScreenLockerApp.swift in Sources */ = {isa = PBXBuildFile; fileRef = 000000000000000000000101 /* ScreenLockerApp.swift */; };
		000000000000000000000202 /* DesignSystem.swift in Sources */ = {isa = PBXBuildFile; fileRef = 000000000000000000000102 /* DesignSystem.swift */; };
		000000000000000000000203 /* SessionStatus.swift in Sources */ = {isa = PBXBuildFile; fileRef = 000000000000000000000103 /* SessionStatus.swift */; };
		000000000000000000000204 /* UnlockReason.swift in Sources */ = {isa = PBXBuildFile; fileRef = 000000000000000000000104 /* UnlockReason.swift */; };
		000000000000000000000205 /* DetoxMode.swift in Sources */ = {isa = PBXBuildFile; fileRef = 000000000000000000000105 /* DetoxMode.swift */; };
		000000000000000000000206 /* DetoxSessionRecord.swift in Sources */ = {isa = PBXBuildFile; fileRef = 000000000000000000000106 /* DetoxSessionRecord.swift */; };
		000000000000000000000207 /* DetoxStats.swift in Sources */ = {isa = PBXBuildFile; fileRef = 000000000000000000000107 /* DetoxStats.swift */; };
		000000000000000000000208 /* ProFeature.swift in Sources */ = {isa = PBXBuildFile; fileRef = 000000000000000000000108 /* ProFeature.swift */; };
		000000000000000000000209 /* StatsCalculator.swift in Sources */ = {isa = PBXBuildFile; fileRef = 000000000000000000000109 /* StatsCalculator.swift */; };
		000000000000000000000210 /* SettingsStore.swift in Sources */ = {isa = PBXBuildFile; fileRef = 000000000000000000000110 /* SettingsStore.swift */; };
		000000000000000000000211 /* AppBlockingManager.swift in Sources */ = {isa = PBXBuildFile; fileRef = 000000000000000000000111 /* AppBlockingManager.swift */; };
		000000000000000000000212 /* PurchaseManager.swift in Sources */ = {isa = PBXBuildFile; fileRef = 000000000000000000000112 /* PurchaseManager.swift */; };
		000000000000000000000213 /* DetoxSessionViewModel.swift in Sources */ = {isa = PBXBuildFile; fileRef = 000000000000000000000113 /* DetoxSessionViewModel.swift */; };
		000000000000000000000214 /* PrimaryButton.swift in Sources */ = {isa = PBXBuildFile; fileRef = 000000000000000000000114 /* PrimaryButton.swift */; };
		000000000000000000000215 /* ProgressRingView.swift in Sources */ = {isa = PBXBuildFile; fileRef = 000000000000000000000115 /* ProgressRingView.swift */; };
		000000000000000000000216 /* StatCardView.swift in Sources */ = {isa = PBXBuildFile; fileRef = 000000000000000000000116 /* StatCardView.swift */; };
		000000000000000000000217 /* SettingRowView.swift in Sources */ = {isa = PBXBuildFile; fileRef = 000000000000000000000117 /* SettingRowView.swift */; };
		000000000000000000000218 /* DetoxModeCard.swift in Sources */ = {isa = PBXBuildFile; fileRef = 000000000000000000000118 /* DetoxModeCard.swift */; };
		000000000000000000000219 /* WeeklyBarChartView.swift in Sources */ = {isa = PBXBuildFile; fileRef = 000000000000000000000119 /* WeeklyBarChartView.swift */; };
		000000000000000000000220 /* UnlockReasonRow.swift in Sources */ = {isa = PBXBuildFile; fileRef = 000000000000000000000120 /* UnlockReasonRow.swift */; };
		000000000000000000000221 /* LockScreenTimerView.swift in Sources */ = {isa = PBXBuildFile; fileRef = 000000000000000000000121 /* LockScreenTimerView.swift */; };
		000000000000000000000222 /* ExtendTimeSheet.swift in Sources */ = {isa = PBXBuildFile; fileRef = 000000000000000000000122 /* ExtendTimeSheet.swift */; };
		000000000000000000000223 /* RootTabView.swift in Sources */ = {isa = PBXBuildFile; fileRef = 000000000000000000000123 /* RootTabView.swift */; };
		000000000000000000000224 /* TimerView.swift in Sources */ = {isa = PBXBuildFile; fileRef = 000000000000000000000124 /* TimerView.swift */; };
		000000000000000000000225 /* LockScreenView.swift in Sources */ = {isa = PBXBuildFile; fileRef = 000000000000000000000125 /* LockScreenView.swift */; };
		000000000000000000000226 /* UnlockRequestView.swift in Sources */ = {isa = PBXBuildFile; fileRef = 000000000000000000000126 /* UnlockRequestView.swift */; };
		000000000000000000000227 /* InsightsView.swift in Sources */ = {isa = PBXBuildFile; fileRef = 000000000000000000000127 /* InsightsView.swift */; };
		000000000000000000000228 /* SettingsView.swift in Sources */ = {isa = PBXBuildFile; fileRef = 000000000000000000000128 /* SettingsView.swift */; };
		000000000000000000000229 /* BlockedAppsView.swift in Sources */ = {isa = PBXBuildFile; fileRef = 000000000000000000000129 /* BlockedAppsView.swift */; };
		000000000000000000000230 /* ProViews.swift in Sources */ = {isa = PBXBuildFile; fileRef = 000000000000000000000130 /* ProViews.swift */; };
		000000000000000000000231 /* Assets.xcassets in Resources */ = {isa = PBXBuildFile; fileRef = 000000000000000000000131 /* Assets.xcassets */; };
		000000000000000000000232 /* BlockingAuthorizationState.swift in Sources */ = {isa = PBXBuildFile; fileRef = 000000000000000000000132 /* BlockingAuthorizationState.swift */; };
		000000000000000000000233 /* ShieldingResult.swift in Sources */ = {isa = PBXBuildFile; fileRef = 000000000000000000000133 /* ShieldingResult.swift */; };
		000000000000000000000234 /* ScreenTimeStatusView.swift in Sources */ = {isa = PBXBuildFile; fileRef = 000000000000000000000134 /* ScreenTimeStatusView.swift */; };
		000000000000000000000235 /* ProProduct.swift in Sources */ = {isa = PBXBuildFile; fileRef = 000000000000000000000135 /* ProProduct.swift */; };
		000000000000000000000236 /* DetoxScheduleRecord.swift in Sources */ = {isa = PBXBuildFile; fileRef = 000000000000000000000136 /* DetoxScheduleRecord.swift */; };
		000000000000000000000237 /* ScheduleManager.swift in Sources */ = {isa = PBXBuildFile; fileRef = 000000000000000000000137 /* ScheduleManager.swift */; };
		000000000000000000000238 /* ScheduleEditorView.swift in Sources */ = {isa = PBXBuildFile; fileRef = 000000000000000000000138 /* ScheduleEditorView.swift */; };
		000000000000000000000401 /* StatsCalculatorTests.swift in Sources */ = {isa = PBXBuildFile; fileRef = 000000000000000000000301 /* StatsCalculatorTests.swift */; };
		000000000000000000000402 /* DetoxSessionRecordTests.swift in Sources */ = {isa = PBXBuildFile; fileRef = 000000000000000000000302 /* DetoxSessionRecordTests.swift */; };
/* End PBXBuildFile section */

/* Begin PBXContainerItemProxy section */
		000000000000000000000033 /* PBXContainerItemProxy */ = {
			isa = PBXContainerItemProxy;
			containerPortal = 000000000000000000000001 /* Project object */;
			proxyType = 1;
			remoteGlobalIDString = 000000000000000000000010;
			remoteInfo = ScreenLocker;
		};
/* End PBXContainerItemProxy section */

/* Begin PBXFileReference section */
		000000000000000000000011 /* ScreenLocker.app */ = {isa = PBXFileReference; explicitFileType = wrapper.application; includeInIndex = 0; path = ScreenLocker.app; sourceTree = BUILT_PRODUCTS_DIR; };
		000000000000000000000032 /* ScreenLockerTests.xctest */ = {isa = PBXFileReference; explicitFileType = wrapper.cfbundle; includeInIndex = 0; path = ScreenLockerTests.xctest; sourceTree = BUILT_PRODUCTS_DIR; };
		000000000000000000000101 /* ScreenLockerApp.swift */ = {isa = PBXFileReference; lastKnownFileType = sourcecode.swift; path = ScreenLockerApp.swift; sourceTree = "<group>"; };
		000000000000000000000102 /* DesignSystem.swift */ = {isa = PBXFileReference; lastKnownFileType = sourcecode.swift; path = DesignSystem.swift; sourceTree = "<group>"; };
		000000000000000000000103 /* SessionStatus.swift */ = {isa = PBXFileReference; lastKnownFileType = sourcecode.swift; path = SessionStatus.swift; sourceTree = "<group>"; };
		000000000000000000000104 /* UnlockReason.swift */ = {isa = PBXFileReference; lastKnownFileType = sourcecode.swift; path = UnlockReason.swift; sourceTree = "<group>"; };
		000000000000000000000105 /* DetoxMode.swift */ = {isa = PBXFileReference; lastKnownFileType = sourcecode.swift; path = DetoxMode.swift; sourceTree = "<group>"; };
		000000000000000000000106 /* DetoxSessionRecord.swift */ = {isa = PBXFileReference; lastKnownFileType = sourcecode.swift; path = DetoxSessionRecord.swift; sourceTree = "<group>"; };
		000000000000000000000107 /* DetoxStats.swift */ = {isa = PBXFileReference; lastKnownFileType = sourcecode.swift; path = DetoxStats.swift; sourceTree = "<group>"; };
		000000000000000000000108 /* ProFeature.swift */ = {isa = PBXFileReference; lastKnownFileType = sourcecode.swift; path = ProFeature.swift; sourceTree = "<group>"; };
		000000000000000000000109 /* StatsCalculator.swift */ = {isa = PBXFileReference; lastKnownFileType = sourcecode.swift; path = StatsCalculator.swift; sourceTree = "<group>"; };
		000000000000000000000110 /* SettingsStore.swift */ = {isa = PBXFileReference; lastKnownFileType = sourcecode.swift; path = SettingsStore.swift; sourceTree = "<group>"; };
		000000000000000000000111 /* AppBlockingManager.swift */ = {isa = PBXFileReference; lastKnownFileType = sourcecode.swift; path = AppBlockingManager.swift; sourceTree = "<group>"; };
		000000000000000000000112 /* PurchaseManager.swift */ = {isa = PBXFileReference; lastKnownFileType = sourcecode.swift; path = PurchaseManager.swift; sourceTree = "<group>"; };
		000000000000000000000113 /* DetoxSessionViewModel.swift */ = {isa = PBXFileReference; lastKnownFileType = sourcecode.swift; path = DetoxSessionViewModel.swift; sourceTree = "<group>"; };
		000000000000000000000114 /* PrimaryButton.swift */ = {isa = PBXFileReference; lastKnownFileType = sourcecode.swift; path = PrimaryButton.swift; sourceTree = "<group>"; };
		000000000000000000000115 /* ProgressRingView.swift */ = {isa = PBXFileReference; lastKnownFileType = sourcecode.swift; path = ProgressRingView.swift; sourceTree = "<group>"; };
		000000000000000000000116 /* StatCardView.swift */ = {isa = PBXFileReference; lastKnownFileType = sourcecode.swift; path = StatCardView.swift; sourceTree = "<group>"; };
		000000000000000000000117 /* SettingRowView.swift */ = {isa = PBXFileReference; lastKnownFileType = sourcecode.swift; path = SettingRowView.swift; sourceTree = "<group>"; };
		000000000000000000000118 /* DetoxModeCard.swift */ = {isa = PBXFileReference; lastKnownFileType = sourcecode.swift; path = DetoxModeCard.swift; sourceTree = "<group>"; };
		000000000000000000000119 /* WeeklyBarChartView.swift */ = {isa = PBXFileReference; lastKnownFileType = sourcecode.swift; path = WeeklyBarChartView.swift; sourceTree = "<group>"; };
		000000000000000000000120 /* UnlockReasonRow.swift */ = {isa = PBXFileReference; lastKnownFileType = sourcecode.swift; path = UnlockReasonRow.swift; sourceTree = "<group>"; };
		000000000000000000000121 /* LockScreenTimerView.swift */ = {isa = PBXFileReference; lastKnownFileType = sourcecode.swift; path = LockScreenTimerView.swift; sourceTree = "<group>"; };
		000000000000000000000122 /* ExtendTimeSheet.swift */ = {isa = PBXFileReference; lastKnownFileType = sourcecode.swift; path = ExtendTimeSheet.swift; sourceTree = "<group>"; };
		000000000000000000000123 /* RootTabView.swift */ = {isa = PBXFileReference; lastKnownFileType = sourcecode.swift; path = RootTabView.swift; sourceTree = "<group>"; };
		000000000000000000000124 /* TimerView.swift */ = {isa = PBXFileReference; lastKnownFileType = sourcecode.swift; path = TimerView.swift; sourceTree = "<group>"; };
		000000000000000000000125 /* LockScreenView.swift */ = {isa = PBXFileReference; lastKnownFileType = sourcecode.swift; path = LockScreenView.swift; sourceTree = "<group>"; };
		000000000000000000000126 /* UnlockRequestView.swift */ = {isa = PBXFileReference; lastKnownFileType = sourcecode.swift; path = UnlockRequestView.swift; sourceTree = "<group>"; };
		000000000000000000000127 /* InsightsView.swift */ = {isa = PBXFileReference; lastKnownFileType = sourcecode.swift; path = InsightsView.swift; sourceTree = "<group>"; };
		000000000000000000000128 /* SettingsView.swift */ = {isa = PBXFileReference; lastKnownFileType = sourcecode.swift; path = SettingsView.swift; sourceTree = "<group>"; };
		000000000000000000000129 /* BlockedAppsView.swift */ = {isa = PBXFileReference; lastKnownFileType = sourcecode.swift; path = BlockedAppsView.swift; sourceTree = "<group>"; };
		000000000000000000000130 /* ProViews.swift */ = {isa = PBXFileReference; lastKnownFileType = sourcecode.swift; path = ProViews.swift; sourceTree = "<group>"; };
		000000000000000000000131 /* Assets.xcassets */ = {isa = PBXFileReference; lastKnownFileType = folder.assetcatalog; path = Assets.xcassets; sourceTree = "<group>"; };
		000000000000000000000132 /* BlockingAuthorizationState.swift */ = {isa = PBXFileReference; lastKnownFileType = sourcecode.swift; path = BlockingAuthorizationState.swift; sourceTree = "<group>"; };
		000000000000000000000133 /* ShieldingResult.swift */ = {isa = PBXFileReference; lastKnownFileType = sourcecode.swift; path = ShieldingResult.swift; sourceTree = "<group>"; };
		000000000000000000000134 /* ScreenTimeStatusView.swift */ = {isa = PBXFileReference; lastKnownFileType = sourcecode.swift; path = ScreenTimeStatusView.swift; sourceTree = "<group>"; };
		000000000000000000000135 /* ProProduct.swift */ = {isa = PBXFileReference; lastKnownFileType = sourcecode.swift; path = ProProduct.swift; sourceTree = "<group>"; };
		000000000000000000000136 /* DetoxScheduleRecord.swift */ = {isa = PBXFileReference; lastKnownFileType = sourcecode.swift; path = DetoxScheduleRecord.swift; sourceTree = "<group>"; };
		000000000000000000000137 /* ScheduleManager.swift */ = {isa = PBXFileReference; lastKnownFileType = sourcecode.swift; path = ScheduleManager.swift; sourceTree = "<group>"; };
		000000000000000000000138 /* ScheduleEditorView.swift */ = {isa = PBXFileReference; lastKnownFileType = sourcecode.swift; path = ScheduleEditorView.swift; sourceTree = "<group>"; };
		000000000000000000000301 /* StatsCalculatorTests.swift */ = {isa = PBXFileReference; lastKnownFileType = sourcecode.swift; path = StatsCalculatorTests.swift; sourceTree = "<group>"; };
		000000000000000000000302 /* DetoxSessionRecordTests.swift */ = {isa = PBXFileReference; lastKnownFileType = sourcecode.swift; path = DetoxSessionRecordTests.swift; sourceTree = "<group>"; };
/* End PBXFileReference section */

/* Begin PBXFrameworksBuildPhase section */
		000000000000000000000014 /* Frameworks */ = {
			isa = PBXFrameworksBuildPhase;
			buildActionMask = 2147483647;
			files = (
			);
			runOnlyForDeploymentPostprocessing = 0;
		};
		000000000000000000000035 /* Frameworks */ = {
			isa = PBXFrameworksBuildPhase;
			buildActionMask = 2147483647;
			files = (
			);
			runOnlyForDeploymentPostprocessing = 0;
		};
/* End PBXFrameworksBuildPhase section */

/* Begin PBXGroup section */
		000000000000000000000002 = {
			isa = PBXGroup;
			children = (
				000000000000000000000004 /* ScreenLocker */,
				00000000000000000000000B /* ScreenLockerTests */,
				000000000000000000000003 /* Products */,
			);
			sourceTree = "<group>";
		};
		000000000000000000000003 /* Products */ = {
			isa = PBXGroup;
			children = (
				000000000000000000000011 /* ScreenLocker.app */,
				000000000000000000000032 /* ScreenLockerTests.xctest */,
			);
			name = Products;
			sourceTree = "<group>";
		};
		000000000000000000000004 /* ScreenLocker */ = {
			isa = PBXGroup;
			children = (
				000000000000000000000101 /* ScreenLockerApp.swift */,
				000000000000000000000005 /* Models */,
				000000000000000000000006 /* Services */,
				000000000000000000000007 /* ViewModels */,
				000000000000000000000008 /* Views */,
				000000000000000000000009 /* Components */,
				00000000000000000000000A /* Theme */,
				000000000000000000000131 /* Assets.xcassets */,
			);
			path = ScreenLocker;
			sourceTree = "<group>";
		};
		000000000000000000000005 /* Models */ = {
			isa = PBXGroup;
			children = (
				000000000000000000000103 /* SessionStatus.swift */,
				000000000000000000000104 /* UnlockReason.swift */,
				000000000000000000000105 /* DetoxMode.swift */,
				000000000000000000000106 /* DetoxSessionRecord.swift */,
				000000000000000000000107 /* DetoxStats.swift */,
				000000000000000000000108 /* ProFeature.swift */,
				000000000000000000000132 /* BlockingAuthorizationState.swift */,
				000000000000000000000133 /* ShieldingResult.swift */,
				000000000000000000000135 /* ProProduct.swift */,
				000000000000000000000136 /* DetoxScheduleRecord.swift */,
			);
			path = Models;
			sourceTree = "<group>";
		};
		000000000000000000000006 /* Services */ = {
			isa = PBXGroup;
			children = (
				000000000000000000000109 /* StatsCalculator.swift */,
				000000000000000000000110 /* SettingsStore.swift */,
				000000000000000000000111 /* AppBlockingManager.swift */,
				000000000000000000000112 /* PurchaseManager.swift */,
				000000000000000000000137 /* ScheduleManager.swift */,
			);
			path = Services;
			sourceTree = "<group>";
		};
		000000000000000000000007 /* ViewModels */ = {
			isa = PBXGroup;
			children = (
				000000000000000000000113 /* DetoxSessionViewModel.swift */,
			);
			path = ViewModels;
			sourceTree = "<group>";
		};
		000000000000000000000008 /* Views */ = {
			isa = PBXGroup;
			children = (
				000000000000000000000123 /* RootTabView.swift */,
				000000000000000000000124 /* TimerView.swift */,
				000000000000000000000125 /* LockScreenView.swift */,
				000000000000000000000126 /* UnlockRequestView.swift */,
				000000000000000000000127 /* InsightsView.swift */,
				000000000000000000000128 /* SettingsView.swift */,
				000000000000000000000129 /* BlockedAppsView.swift */,
				000000000000000000000130 /* ProViews.swift */,
				000000000000000000000134 /* ScreenTimeStatusView.swift */,
				000000000000000000000138 /* ScheduleEditorView.swift */,
			);
			path = Views;
			sourceTree = "<group>";
		};
		000000000000000000000009 /* Components */ = {
			isa = PBXGroup;
			children = (
				000000000000000000000114 /* PrimaryButton.swift */,
				000000000000000000000115 /* ProgressRingView.swift */,
				000000000000000000000116 /* StatCardView.swift */,
				000000000000000000000117 /* SettingRowView.swift */,
				000000000000000000000118 /* DetoxModeCard.swift */,
				000000000000000000000119 /* WeeklyBarChartView.swift */,
				000000000000000000000120 /* UnlockReasonRow.swift */,
				000000000000000000000121 /* LockScreenTimerView.swift */,
				000000000000000000000122 /* ExtendTimeSheet.swift */,
			);
			path = Components;
			sourceTree = "<group>";
		};
		00000000000000000000000A /* Theme */ = {
			isa = PBXGroup;
			children = (
				000000000000000000000102 /* DesignSystem.swift */,
			);
			path = Theme;
			sourceTree = "<group>";
		};
		00000000000000000000000B /* ScreenLockerTests */ = {
			isa = PBXGroup;
			children = (
				000000000000000000000301 /* StatsCalculatorTests.swift */,
				000000000000000000000302 /* DetoxSessionRecordTests.swift */,
			);
			path = ScreenLockerTests;
			sourceTree = "<group>";
		};
/* End PBXGroup section */

/* Begin PBXNativeTarget section */
		000000000000000000000010 /* ScreenLocker */ = {
			isa = PBXNativeTarget;
			buildConfigurationList = 000000000000000000000018 /* Build configuration list for PBXNativeTarget "ScreenLocker" */;
			buildPhases = (
				000000000000000000000012 /* Sources */,
				000000000000000000000014 /* Frameworks */,
				000000000000000000000013 /* Resources */,
			);
			buildRules = (
			);
			dependencies = (
			);
			name = ScreenLocker;
			productName = ScreenLocker;
			productReference = 000000000000000000000011 /* ScreenLocker.app */;
			productType = "com.apple.product-type.application";
		};
		000000000000000000000030 /* ScreenLockerTests */ = {
			isa = PBXNativeTarget;
			buildConfigurationList = 000000000000000000000038 /* Build configuration list for PBXNativeTarget "ScreenLockerTests" */;
			buildPhases = (
				000000000000000000000037 /* Sources */,
				000000000000000000000035 /* Frameworks */,
				000000000000000000000036 /* Resources */,
			);
			buildRules = (
			);
			dependencies = (
				000000000000000000000034 /* PBXTargetDependency */,
			);
			name = ScreenLockerTests;
			productName = ScreenLockerTests;
			productReference = 000000000000000000000032 /* ScreenLockerTests.xctest */;
			productType = "com.apple.product-type.bundle.unit-test";
		};
/* End PBXNativeTarget section */

/* Begin PBXProject section */
		000000000000000000000001 /* Project object */ = {
			isa = PBXProject;
			attributes = {
				BuildIndependentTargetsInParallel = 1;
				LastSwiftUpdateCheck = 2650;
				LastUpgradeCheck = 2650;
				TargetAttributes = {
					000000000000000000000010 = {
						CreatedOnToolsVersion = 26.5;
					};
					000000000000000000000030 = {
						CreatedOnToolsVersion = 26.5;
						TestTargetID = 000000000000000000000010;
					};
				};
			};
			buildConfigurationList = 000000000000000000000017 /* Build configuration list for PBXProject "ScreenLocker" */;
			compatibilityVersion = "Xcode 14.0";
			developmentRegion = en;
			hasScannedForEncodings = 0;
			knownRegions = (
				en,
				Base,
			);
			mainGroup = 000000000000000000000002;
			productRefGroup = 000000000000000000000003 /* Products */;
			projectDirPath = "";
			projectRoot = "";
			targets = (
				000000000000000000000010 /* ScreenLocker */,
				000000000000000000000030 /* ScreenLockerTests */,
			);
		};
/* End PBXProject section */

/* Begin PBXResourcesBuildPhase section */
		000000000000000000000013 /* Resources */ = {
			isa = PBXResourcesBuildPhase;
			buildActionMask = 2147483647;
			files = (
				000000000000000000000231 /* Assets.xcassets in Resources */,
			);
			runOnlyForDeploymentPostprocessing = 0;
		};
		000000000000000000000036 /* Resources */ = {
			isa = PBXResourcesBuildPhase;
			buildActionMask = 2147483647;
			files = (
			);
			runOnlyForDeploymentPostprocessing = 0;
		};
/* End PBXResourcesBuildPhase section */

/* Begin PBXSourcesBuildPhase section */
		000000000000000000000012 /* Sources */ = {
			isa = PBXSourcesBuildPhase;
			buildActionMask = 2147483647;
			files = (
				000000000000000000000201 /* ScreenLockerApp.swift in Sources */,
				000000000000000000000202 /* DesignSystem.swift in Sources */,
				000000000000000000000203 /* SessionStatus.swift in Sources */,
				000000000000000000000204 /* UnlockReason.swift in Sources */,
				000000000000000000000205 /* DetoxMode.swift in Sources */,
				000000000000000000000206 /* DetoxSessionRecord.swift in Sources */,
				000000000000000000000207 /* DetoxStats.swift in Sources */,
				000000000000000000000208 /* ProFeature.swift in Sources */,
				000000000000000000000209 /* StatsCalculator.swift in Sources */,
				000000000000000000000210 /* SettingsStore.swift in Sources */,
				000000000000000000000211 /* AppBlockingManager.swift in Sources */,
				000000000000000000000212 /* PurchaseManager.swift in Sources */,
				000000000000000000000213 /* DetoxSessionViewModel.swift in Sources */,
				000000000000000000000214 /* PrimaryButton.swift in Sources */,
				000000000000000000000215 /* ProgressRingView.swift in Sources */,
				000000000000000000000216 /* StatCardView.swift in Sources */,
				000000000000000000000217 /* SettingRowView.swift in Sources */,
				000000000000000000000218 /* DetoxModeCard.swift in Sources */,
				000000000000000000000219 /* WeeklyBarChartView.swift in Sources */,
				000000000000000000000220 /* UnlockReasonRow.swift in Sources */,
				000000000000000000000221 /* LockScreenTimerView.swift in Sources */,
				000000000000000000000222 /* ExtendTimeSheet.swift in Sources */,
				000000000000000000000223 /* RootTabView.swift in Sources */,
				000000000000000000000224 /* TimerView.swift in Sources */,
				000000000000000000000225 /* LockScreenView.swift in Sources */,
				000000000000000000000226 /* UnlockRequestView.swift in Sources */,
				000000000000000000000227 /* InsightsView.swift in Sources */,
				000000000000000000000228 /* SettingsView.swift in Sources */,
				000000000000000000000229 /* BlockedAppsView.swift in Sources */,
				000000000000000000000230 /* ProViews.swift in Sources */,
				000000000000000000000232 /* BlockingAuthorizationState.swift in Sources */,
				000000000000000000000233 /* ShieldingResult.swift in Sources */,
				000000000000000000000234 /* ScreenTimeStatusView.swift in Sources */,
				000000000000000000000235 /* ProProduct.swift in Sources */,
				000000000000000000000236 /* DetoxScheduleRecord.swift in Sources */,
				000000000000000000000237 /* ScheduleManager.swift in Sources */,
				000000000000000000000238 /* ScheduleEditorView.swift in Sources */,
			);
			runOnlyForDeploymentPostprocessing = 0;
		};
		000000000000000000000037 /* Sources */ = {
			isa = PBXSourcesBuildPhase;
			buildActionMask = 2147483647;
			files = (
				000000000000000000000401 /* StatsCalculatorTests.swift in Sources */,
				000000000000000000000402 /* DetoxSessionRecordTests.swift in Sources */,
			);
			runOnlyForDeploymentPostprocessing = 0;
		};
/* End PBXSourcesBuildPhase section */

/* Begin PBXTargetDependency section */
		000000000000000000000034 /* PBXTargetDependency */ = {
			isa = PBXTargetDependency;
			target = 000000000000000000000010 /* ScreenLocker */;
			targetProxy = 000000000000000000000033 /* PBXContainerItemProxy */;
		};
/* End PBXTargetDependency section */

/* Begin XCBuildConfiguration section */
		000000000000000000000015 /* Debug */ = {
			isa = XCBuildConfiguration;
			buildSettings = {
				ALWAYS_SEARCH_USER_PATHS = NO;
				CLANG_ANALYZER_NONNULL = YES;
				CLANG_ANALYZER_NUMBER_OBJECT_CONVERSION = YES_AGGRESSIVE;
				CLANG_CXX_LANGUAGE_STANDARD = "gnu++20";
				CLANG_ENABLE_MODULES = YES;
				CLANG_ENABLE_OBJC_ARC = YES;
				CLANG_ENABLE_OBJC_WEAK = YES;
				CLANG_WARN_BLOCK_CAPTURE_AUTORELEASING = YES;
				CLANG_WARN_BOOL_CONVERSION = YES;
				CLANG_WARN_COMMA = YES;
				CLANG_WARN_CONSTANT_CONVERSION = YES;
				CLANG_WARN_DEPRECATED_OBJC_IMPLEMENTATIONS = YES;
				CLANG_WARN_DIRECT_OBJC_ISA_USAGE = YES_ERROR;
				CLANG_WARN_DOCUMENTATION_COMMENTS = YES;
				CLANG_WARN_EMPTY_BODY = YES;
				CLANG_WARN_ENUM_CONVERSION = YES;
				CLANG_WARN_INFINITE_RECURSION = YES;
				CLANG_WARN_INT_CONVERSION = YES;
				CLANG_WARN_NON_LITERAL_NULL_CONVERSION = YES;
				CLANG_WARN_OBJC_IMPLICIT_RETAIN_SELF = YES;
				CLANG_WARN_OBJC_LITERAL_CONVERSION = YES;
				CLANG_WARN_OBJC_ROOT_CLASS = YES_ERROR;
				CLANG_WARN_QUOTED_INCLUDE_IN_FRAMEWORK_HEADER = YES;
				CLANG_WARN_RANGE_LOOP_ANALYSIS = YES;
				CLANG_WARN_STRICT_PROTOTYPES = YES;
				CLANG_WARN_SUSPICIOUS_MOVE = YES;
				CLANG_WARN_UNGUARDED_AVAILABILITY = YES_AGGRESSIVE;
				CLANG_WARN_UNREACHABLE_CODE = YES;
				CLANG_WARN__DUPLICATE_METHOD_MATCH = YES;
				COPY_PHASE_STRIP = NO;
				DEBUG_INFORMATION_FORMAT = dwarf;
				ENABLE_STRICT_OBJC_MSGSEND = YES;
				ENABLE_TESTABILITY = YES;
				GCC_C_LANGUAGE_STANDARD = gnu17;
				GCC_DYNAMIC_NO_PIC = NO;
				GCC_NO_COMMON_BLOCKS = YES;
				GCC_OPTIMIZATION_LEVEL = 0;
				GCC_PREPROCESSOR_DEFINITIONS = (
					"DEBUG=1",
					"$(inherited)",
				);
				GCC_WARN_64_TO_32_BIT_CONVERSION = YES;
				GCC_WARN_ABOUT_RETURN_TYPE = YES_ERROR;
				GCC_WARN_UNDECLARED_SELECTOR = YES;
				GCC_WARN_UNINITIALIZED_AUTOS = YES_AGGRESSIVE;
				GCC_WARN_UNUSED_FUNCTION = YES;
				GCC_WARN_UNUSED_VARIABLE = YES;
				IPHONEOS_DEPLOYMENT_TARGET = 17.0;
				MTL_ENABLE_DEBUG_INFO = INCLUDE_SOURCE;
				MTL_FAST_MATH = YES;
				ONLY_ACTIVE_ARCH = YES;
				SDKROOT = iphoneos;
				SWIFT_ACTIVE_COMPILATION_CONDITIONS = DEBUG;
				SWIFT_OPTIMIZATION_LEVEL = "-Onone";
				SWIFT_VERSION = 5.0;
			};
			name = Debug;
		};
		000000000000000000000016 /* Release */ = {
			isa = XCBuildConfiguration;
			buildSettings = {
				ALWAYS_SEARCH_USER_PATHS = NO;
				CLANG_ANALYZER_NONNULL = YES;
				CLANG_ANALYZER_NUMBER_OBJECT_CONVERSION = YES_AGGRESSIVE;
				CLANG_CXX_LANGUAGE_STANDARD = "gnu++20";
				CLANG_ENABLE_MODULES = YES;
				CLANG_ENABLE_OBJC_ARC = YES;
				CLANG_ENABLE_OBJC_WEAK = YES;
				CLANG_WARN_BLOCK_CAPTURE_AUTORELEASING = YES;
				CLANG_WARN_BOOL_CONVERSION = YES;
				CLANG_WARN_COMMA = YES;
				CLANG_WARN_CONSTANT_CONVERSION = YES;
				CLANG_WARN_DEPRECATED_OBJC_IMPLEMENTATIONS = YES;
				CLANG_WARN_DIRECT_OBJC_ISA_USAGE = YES_ERROR;
				CLANG_WARN_DOCUMENTATION_COMMENTS = YES;
				CLANG_WARN_EMPTY_BODY = YES;
				CLANG_WARN_ENUM_CONVERSION = YES;
				CLANG_WARN_INFINITE_RECURSION = YES;
				CLANG_WARN_INT_CONVERSION = YES;
				CLANG_WARN_NON_LITERAL_NULL_CONVERSION = YES;
				CLANG_WARN_OBJC_IMPLICIT_RETAIN_SELF = YES;
				CLANG_WARN_OBJC_LITERAL_CONVERSION = YES;
				CLANG_WARN_OBJC_ROOT_CLASS = YES_ERROR;
				CLANG_WARN_QUOTED_INCLUDE_IN_FRAMEWORK_HEADER = YES;
				CLANG_WARN_RANGE_LOOP_ANALYSIS = YES;
				CLANG_WARN_STRICT_PROTOTYPES = YES;
				CLANG_WARN_SUSPICIOUS_MOVE = YES;
				CLANG_WARN_UNGUARDED_AVAILABILITY = YES_AGGRESSIVE;
				CLANG_WARN_UNREACHABLE_CODE = YES;
				CLANG_WARN__DUPLICATE_METHOD_MATCH = YES;
				COPY_PHASE_STRIP = NO;
				DEBUG_INFORMATION_FORMAT = "dwarf-with-dsym";
				ENABLE_NS_ASSERTIONS = NO;
				ENABLE_STRICT_OBJC_MSGSEND = YES;
				GCC_C_LANGUAGE_STANDARD = gnu17;
				GCC_NO_COMMON_BLOCKS = YES;
				GCC_WARN_64_TO_32_BIT_CONVERSION = YES;
				GCC_WARN_ABOUT_RETURN_TYPE = YES_ERROR;
				GCC_WARN_UNDECLARED_SELECTOR = YES;
				GCC_WARN_UNINITIALIZED_AUTOS = YES_AGGRESSIVE;
				GCC_WARN_UNUSED_FUNCTION = YES;
				GCC_WARN_UNUSED_VARIABLE = YES;
				IPHONEOS_DEPLOYMENT_TARGET = 17.0;
				MTL_ENABLE_DEBUG_INFO = NO;
				MTL_FAST_MATH = YES;
				SDKROOT = iphoneos;
				SWIFT_COMPILATION_MODE = wholemodule;
				SWIFT_OPTIMIZATION_LEVEL = "-O";
				SWIFT_VERSION = 5.0;
				VALIDATE_PRODUCT = YES;
			};
			name = Release;
		};
		000000000000000000000019 /* Debug */ = {
			isa = XCBuildConfiguration;
			buildSettings = {
				ASSETCATALOG_COMPILER_APPICON_NAME = AppIcon;
				ASSETCATALOG_COMPILER_GLOBAL_ACCENT_COLOR_NAME = AccentColor;
				CODE_SIGN_STYLE = Automatic;
				CURRENT_PROJECT_VERSION = 1;
				DEVELOPMENT_TEAM = 3Z2GBKFGF5;
				ENABLE_PREVIEWS = YES;
				GENERATE_INFOPLIST_FILE = YES;
				INFOPLIST_KEY_CFBundleDisplayName = Detox;
				INFOPLIST_KEY_LSApplicationCategoryType = "public.app-category.productivity";
				INFOPLIST_KEY_UIApplicationSceneManifest_Generation = YES;
				INFOPLIST_KEY_UIApplicationSupportsIndirectInputEvents = YES;
				INFOPLIST_KEY_UILaunchScreen_Generation = YES;
				INFOPLIST_KEY_UISupportedInterfaceOrientations_iPad = "UIInterfaceOrientationPortrait UIInterfaceOrientationPortraitUpsideDown UIInterfaceOrientationLandscapeLeft UIInterfaceOrientationLandscapeRight";
				INFOPLIST_KEY_UISupportedInterfaceOrientations_iPhone = UIInterfaceOrientationPortrait;
				LD_RUNPATH_SEARCH_PATHS = (
					"$(inherited)",
					"@executable_path/Frameworks",
				);
				MARKETING_VERSION = 1.0;
				PRODUCT_BUNDLE_IDENTIFIER = com.Nfnat0.ScreenLocker;
				PRODUCT_NAME = "$(TARGET_NAME)";
				SUPPORTED_PLATFORMS = "iphoneos iphonesimulator";
				SUPPORTS_MACCATALYST = NO;
				SUPPORTS_MAC_DESIGNED_FOR_IPHONE_IPAD = NO;
				SWIFT_EMIT_LOC_STRINGS = YES;
				SWIFT_VERSION = 5.0;
				TARGETED_DEVICE_FAMILY = 1;
			};
			name = Debug;
		};
		000000000000000000000020 /* Release */ = {
			isa = XCBuildConfiguration;
			buildSettings = {
				ASSETCATALOG_COMPILER_APPICON_NAME = AppIcon;
				ASSETCATALOG_COMPILER_GLOBAL_ACCENT_COLOR_NAME = AccentColor;
				CODE_SIGN_STYLE = Automatic;
				CURRENT_PROJECT_VERSION = 1;
				DEVELOPMENT_TEAM = 3Z2GBKFGF5;
				ENABLE_PREVIEWS = YES;
				GENERATE_INFOPLIST_FILE = YES;
				INFOPLIST_KEY_CFBundleDisplayName = Detox;
				INFOPLIST_KEY_LSApplicationCategoryType = "public.app-category.productivity";
				INFOPLIST_KEY_UIApplicationSceneManifest_Generation = YES;
				INFOPLIST_KEY_UIApplicationSupportsIndirectInputEvents = YES;
				INFOPLIST_KEY_UILaunchScreen_Generation = YES;
				INFOPLIST_KEY_UISupportedInterfaceOrientations_iPad = "UIInterfaceOrientationPortrait UIInterfaceOrientationPortraitUpsideDown UIInterfaceOrientationLandscapeLeft UIInterfaceOrientationLandscapeRight";
				INFOPLIST_KEY_UISupportedInterfaceOrientations_iPhone = UIInterfaceOrientationPortrait;
				LD_RUNPATH_SEARCH_PATHS = (
					"$(inherited)",
					"@executable_path/Frameworks",
				);
				MARKETING_VERSION = 1.0;
				PRODUCT_BUNDLE_IDENTIFIER = com.Nfnat0.ScreenLocker;
				PRODUCT_NAME = "$(TARGET_NAME)";
				SUPPORTED_PLATFORMS = "iphoneos iphonesimulator";
				SUPPORTS_MACCATALYST = NO;
				SUPPORTS_MAC_DESIGNED_FOR_IPHONE_IPAD = NO;
				SWIFT_EMIT_LOC_STRINGS = YES;
				SWIFT_VERSION = 5.0;
				TARGETED_DEVICE_FAMILY = 1;
			};
			name = Release;
		};
		000000000000000000000039 /* Debug */ = {
			isa = XCBuildConfiguration;
			buildSettings = {
				BUNDLE_LOADER = "$(TEST_HOST)";
				CODE_SIGN_STYLE = Automatic;
				CURRENT_PROJECT_VERSION = 1;
				GENERATE_INFOPLIST_FILE = YES;
				IPHONEOS_DEPLOYMENT_TARGET = 17.0;
				LD_RUNPATH_SEARCH_PATHS = (
					"$(inherited)",
					"@executable_path/Frameworks",
					"@loader_path/Frameworks",
				);
				MARKETING_VERSION = 1.0;
				PRODUCT_BUNDLE_IDENTIFIER = com.example.ScreenLockerTests;
				PRODUCT_NAME = ScreenLockerTests;
				SDKROOT = iphoneos;
				SUPPORTED_PLATFORMS = "iphoneos iphonesimulator";
				SUPPORTS_MACCATALYST = NO;
				SUPPORTS_MAC_DESIGNED_FOR_IPHONE_IPAD = NO;
				SWIFT_EMIT_LOC_STRINGS = NO;
				SWIFT_VERSION = 5.0;
				TARGETED_DEVICE_FAMILY = 1;
				TEST_HOST = "$(BUILT_PRODUCTS_DIR)/ScreenLocker.app/$(BUNDLE_EXECUTABLE_FOLDER_PATH)/ScreenLocker";
			};
			name = Debug;
		};
		000000000000000000000040 /* Release */ = {
			isa = XCBuildConfiguration;
			buildSettings = {
				BUNDLE_LOADER = "$(TEST_HOST)";
				CODE_SIGN_STYLE = Automatic;
				CURRENT_PROJECT_VERSION = 1;
				GENERATE_INFOPLIST_FILE = YES;
				IPHONEOS_DEPLOYMENT_TARGET = 17.0;
				LD_RUNPATH_SEARCH_PATHS = (
					"$(inherited)",
					"@executable_path/Frameworks",
					"@loader_path/Frameworks",
				);
				MARKETING_VERSION = 1.0;
				PRODUCT_BUNDLE_IDENTIFIER = com.example.ScreenLockerTests;
				PRODUCT_NAME = ScreenLockerTests;
				SDKROOT = iphoneos;
				SUPPORTED_PLATFORMS = "iphoneos iphonesimulator";
				SUPPORTS_MACCATALYST = NO;
				SUPPORTS_MAC_DESIGNED_FOR_IPHONE_IPAD = NO;
				SWIFT_EMIT_LOC_STRINGS = NO;
				SWIFT_VERSION = 5.0;
				TARGETED_DEVICE_FAMILY = 1;
				TEST_HOST = "$(BUILT_PRODUCTS_DIR)/ScreenLocker.app/$(BUNDLE_EXECUTABLE_FOLDER_PATH)/ScreenLocker";
			};
			name = Release;
		};
/* End XCBuildConfiguration section */

/* Begin XCConfigurationList section */
		000000000000000000000017 /* Build configuration list for PBXProject "ScreenLocker" */ = {
			isa = XCConfigurationList;
			buildConfigurations = (
				000000000000000000000015 /* Debug */,
				000000000000000000000016 /* Release */,
			);
			defaultConfigurationIsVisible = 0;
			defaultConfigurationName = Release;
		};
		000000000000000000000018 /* Build configuration list for PBXNativeTarget "ScreenLocker" */ = {
			isa = XCConfigurationList;
			buildConfigurations = (
				000000000000000000000019 /* Debug */,
				000000000000000000000020 /* Release */,
			);
			defaultConfigurationIsVisible = 0;
			defaultConfigurationName = Release;
		};
		000000000000000000000038 /* Build configuration list for PBXNativeTarget "ScreenLockerTests" */ = {
			isa = XCConfigurationList;
			buildConfigurations = (
				000000000000000000000039 /* Debug */,
				000000000000000000000040 /* Release */,
			);
			defaultConfigurationIsVisible = 0;
			defaultConfigurationName = Release;
		};
/* End XCConfigurationList section */
	};
	rootObject = 000000000000000000000001 /* Project object */;
}
